
Microsoft Visual Studio Solution File, Format Version 12.00
# Visual Studio Version 16
VisualStudioVersion = 16.0.30907.101
MinimumVisualStudioVersion = 10.0.40219.1
Project("{FAE04EC0-301F-11D3-BF4B-00C04F79EFBC}") = "Кликер v2", "Кликер v2\Кликер v2.csproj", "{EC9FC02A-E95A-4E2C-93B7-724EA448FD8E}"
EndProject
Global
	GlobalSection(SolutionConfigurationPlatforms) = preSolution
		Debug|Any CPU = Debug|Any CPU
		Release|Any CPU = Release|Any CPU
	EndGlobalSection
	GlobalSection(ProjectConfigurationPlatforms) = postSolution
		{EC9FC02A-E95A-4E2C-93B7-724EA448FD8E}.Debug|Any CPU.ActiveCfg = Debug|Any CPU
		{EC9FC02A-E95A-4E2C-93B7-724EA448FD8E}.Debug|Any CPU.Build.0 = Debug|Any CPU
		{EC9FC02A-E95A-4E2C-93B7-724EA448FD8E}.Release|Any CPU.ActiveCfg = Release|Any CPU
		{EC9FC02A-E95A-4E2C-93B7-724EA448FD8E}.Release|Any CPU.Build.0 = Release|Any CPU
	EndGlobalSection
	GlobalSection(SolutionProperties) = preSolution
		HideSolutionNode = FALSE
	EndGlobalSection
	GlobalSection(ExtensibilityGlobals) = postSolution
		SolutionGuid = {EB2876F9-21F2-4DFE-81EE-72F687C8ED00}
	EndGlobalSection
EndGlobal
